
Microsoft Visual Studio Solution File, Format Version 12.00
# Visual Studio 15
Project("{FAE04EC0-301F-11D3-BF4B-00C04F79EFBC}") = "NeonLadder.Scripts", "NeonLadder.Scripts.csproj", "{8C1333FE-EE30-ECE3-4825-F9C3A1A4C674}"
EndProject
Project("{FAE04EC0-301F-11D3-BF4B-00C04F79EFBC}") = "NeonLadder.Tests.Runtime", "NeonLadder.Tests.Runtime.csproj", "{E1583481-267E-624D-FEE9-41164DF07931}"
EndProject
Project("{FAE04EC0-301F-11D3-BF4B-00C04F79EFBC}") = "NeonLadder.Tests.Editor.UI", "NeonLadder.Tests.Editor.UI.csproj", "{73755057-674B-C8B6-CB04-4C3BD444F3FC}"
EndProject
Project("{FAE04EC0-301F-11D3-BF4B-00C04F79EFBC}") = "Assembly-CSharp-firstpass", "Assembly-CSharp-firstpass.csproj", "{454F8AED-E947-7B56-12EB-97AC11451EFE}"
EndProject
Project("{FAE04EC0-301F-11D3-BF4B-00C04F79EFBC}") = "NeonLadder.Editor.InputSystem", "NeonLadder.Editor.InputSystem.csproj", "{273033E9-C898-4B02-9E52-5EA08B23267B}"
EndProject
Project("{FAE04EC0-301F-11D3-BF4B-00C04F79EFBC}") = "Assembly-CSharp", "Assembly-CSharp.csproj", "{44EF02CE-B31D-12A9-3366-8F8832CA6210}"
EndProject
Project("{FAE04EC0-301F-11D3-BF4B-00C04F79EFBC}") = "NeonLadder.Editor", "NeonLadder.Editor.csproj", "{197542A1-50CC-02B9-4499-7EE2CD9D0782}"
EndProject
Global
	GlobalSection(SolutionConfigurationPlatforms) = preSolution
		Debug|Any CPU = Debug|Any CPU
		Release|Any CPU = Release|Any CPU
	EndGlobalSection
	GlobalSection(ProjectConfigurationPlatforms) = postSolution
		{8C1333FE-EE30-ECE3-4825-F9C3A1A4C674}.Debug|Any CPU.ActiveCfg = Debug|Any CPU
		{8C1333FE-EE30-ECE3-4825-F9C3A1A4C674}.Debug|Any CPU.Build.0 = Debug|Any CPU
		{8C1333FE-EE30-ECE3-4825-F9C3A1A4C674}.Release|Any CPU.ActiveCfg = Release|Any CPU
		{8C1333FE-EE30-ECE3-4825-F9C3A1A4C674}.Release|Any CPU.Build.0 = Release|Any CPU
		{E1583481-267E-624D-FEE9-41164DF07931}.Debug|Any CPU.ActiveCfg = Debug|Any CPU
		{E1583481-267E-624D-FEE9-41164DF07931}.Debug|Any CPU.Build.0 = Debug|Any CPU
		{E1583481-267E-624D-FEE9-41164DF07931}.Release|Any CPU.ActiveCfg = Release|Any CPU
		{E1583481-267E-624D-FEE9-41164DF07931}.Release|Any CPU.Build.0 = Release|Any CPU
		{73755057-674B-C8B6-CB04-4C3BD444F3FC}.Debug|Any CPU.ActiveCfg = Debug|Any CPU
		{73755057-674B-C8B6-CB04-4C3BD444F3FC}.Debug|Any CPU.Build.0 = Debug|Any CPU
		{73755057-674B-C8B6-CB04-4C3BD444F3FC}.Release|Any CPU.ActiveCfg = Release|Any CPU
		{73755057-674B-C8B6-CB04-4C3BD444F3FC}.Release|Any CPU.Build.0 = Release|Any CPU
		{454F8AED-E947-7B56-12EB-97AC11451EFE}.Debug|Any CPU.ActiveCfg = Debug|Any CPU
		{454F8AED-E947-7B56-12EB-97AC11451EFE}.Debug|Any CPU.Build.0 = Debug|Any CPU
		{454F8AED-E947-7B56-12EB-97AC11451EFE}.Release|Any CPU.ActiveCfg = Release|Any CPU
		{454F8AED-E947-7B56-12EB-97AC11451EFE}.Release|Any CPU.Build.0 = Release|Any CPU
		{273033E9-C898-4B02-9E52-5EA08B23267B}.Debug|Any CPU.ActiveCfg = Debug|Any CPU
		{273033E9-C898-4B02-9E52-5EA08B23267B}.Debug|Any CPU.Build.0 = Debug|Any CPU
		{273033E9-C898-4B02-9E52-5EA08B23267B}.Release|Any CPU.ActiveCfg = Release|Any CPU
		{273033E9-C898-4B02-9E52-5EA08B23267B}.Release|Any CPU.Build.0 = Release|Any CPU
		{44EF02CE-B31D-12A9-3366-8F8832CA6210}.Debug|Any CPU.ActiveCfg = Debug|Any CPU
		{44EF02CE-B31D-12A9-3366-8F8832CA6210}.Debug|Any CPU.Build.0 = Debug|Any CPU
		{44EF02CE-B31D-12A9-3366-8F8832CA6210}.Release|Any CPU.ActiveCfg = Release|Any CPU
		{44EF02CE-B31D-12A9-3366-8F8832CA6210}.Release|Any CPU.Build.0 = Release|Any CPU
		{197542A1-50CC-02B9-4499-7EE2CD9D0782}.Debug|Any CPU.ActiveCfg = Debug|Any CPU
		{197542A1-50CC-02B9-4499-7EE2CD9D0782}.Debug|Any CPU.Build.0 = Debug|Any CPU
		{197542A1-50CC-02B9-4499-7EE2CD9D0782}.Release|Any CPU.ActiveCfg = Release|Any CPU
		{197542A1-50CC-02B9-4499-7EE2CD9D0782}.Release|Any CPU.Build.0 = Release|Any CPU
	EndGlobalSection
	GlobalSection(SolutionProperties) = preSolution
		HideSolutionNode = FALSE
	EndGlobalSection
EndGlobal
