
Microsoft Visual Studio Solution File, Format Version 12.00
# Visual Studio 15
Project("{FAE04EC0-301F-11D3-BF4B-00C04F79EFBC}") = "Assembly-CSharp", "Assembly-CSharp.csproj", "{8BE43F1D-5BCF-47F7-AF46-6E3184EFA571}"
EndProject
Project("{FAE04EC0-301F-11D3-BF4B-00C04F79EFBC}") = "NeonLadder.Scripts", "NeonLadder.Scripts.csproj", "{BBF7E593-47DC-FA76-65BA-2C57D4221EBA}"
EndProject
Project("{FAE04EC0-301F-11D3-BF4B-00C04F79EFBC}") = "DamageNumbersPro", "DamageNumbersPro.csproj", "{53E2F9E2-4ACB-60D8-7EAA-FE927922B31A}"
EndProject
Project("{FAE04EC0-301F-11D3-BF4B-00C04F79EFBC}") = "Michsky.MUIP", "Michsky.MUIP.csproj", "{86BFBBD4-47E4-89DB-6C1D-D6D03AC51099}"
EndProject
Project("{FAE04EC0-301F-11D3-BF4B-00C04F79EFBC}") = "Assembly-CSharp-Editor", "Assembly-CSharp-Editor.csproj", "{606890D8-CA42-F5E4-6972-7C97ECF195C1}"
EndProject
Project("{FAE04EC0-301F-11D3-BF4B-00C04F79EFBC}") = "NeonLadder.Tests.Runtime", "NeonLadder.Tests.Runtime.csproj", "{DFF72330-1879-B153-DC36-8A047CEF02B9}"
EndProject
Project("{FAE04EC0-301F-11D3-BF4B-00C04F79EFBC}") = "TAA.Runtime", "TAA.Runtime.csproj", "{E9A8BA52-FE77-948F-C8AD-825193FE381C}"
EndProject
Project("{FAE04EC0-301F-11D3-BF4B-00C04F79EFBC}") = "Assembly-CSharp-firstpass", "Assembly-CSharp-firstpass.csproj", "{03A4AE4C-33AF-BFE0-EC80-D07A4EBF912E}"
EndProject
Project("{FAE04EC0-301F-11D3-BF4B-00C04F79EFBC}") = "NeonLadder.CLITestRunner", "NeonLadder.CLITestRunner.csproj", "{50D36E28-FE63-3856-70FF-436F78B95E2A}"
EndProject
Global
	GlobalSection(SolutionConfigurationPlatforms) = preSolution
		Debug|Any CPU = Debug|Any CPU
		Release|Any CPU = Release|Any CPU
	EndGlobalSection
	GlobalSection(ProjectConfigurationPlatforms) = postSolution
		{8BE43F1D-5BCF-47F7-AF46-6E3184EFA571}.Debug|Any CPU.ActiveCfg = Debug|Any CPU
		{8BE43F1D-5BCF-47F7-AF46-6E3184EFA571}.Debug|Any CPU.Build.0 = Debug|Any CPU
		{8BE43F1D-5BCF-47F7-AF46-6E3184EFA571}.Release|Any CPU.ActiveCfg = Release|Any CPU
		{8BE43F1D-5BCF-47F7-AF46-6E3184EFA571}.Release|Any CPU.Build.0 = Release|Any CPU
		{BBF7E593-47DC-FA76-65BA-2C57D4221EBA}.Debug|Any CPU.ActiveCfg = Debug|Any CPU
		{BBF7E593-47DC-FA76-65BA-2C57D4221EBA}.Debug|Any CPU.Build.0 = Debug|Any CPU
		{BBF7E593-47DC-FA76-65BA-2C57D4221EBA}.Release|Any CPU.ActiveCfg = Release|Any CPU
		{BBF7E593-47DC-FA76-65BA-2C57D4221EBA}.Release|Any CPU.Build.0 = Release|Any CPU
		{53E2F9E2-4ACB-60D8-7EAA-FE927922B31A}.Debug|Any CPU.ActiveCfg = Debug|Any CPU
		{53E2F9E2-4ACB-60D8-7EAA-FE927922B31A}.Debug|Any CPU.Build.0 = Debug|Any CPU
		{53E2F9E2-4ACB-60D8-7EAA-FE927922B31A}.Release|Any CPU.ActiveCfg = Release|Any CPU
		{53E2F9E2-4ACB-60D8-7EAA-FE927922B31A}.Release|Any CPU.Build.0 = Release|Any CPU
		{86BFBBD4-47E4-89DB-6C1D-D6D03AC51099}.Debug|Any CPU.ActiveCfg = Debug|Any CPU
		{86BFBBD4-47E4-89DB-6C1D-D6D03AC51099}.Debug|Any CPU.Build.0 = Debug|Any CPU
		{86BFBBD4-47E4-89DB-6C1D-D6D03AC51099}.Release|Any CPU.ActiveCfg = Release|Any CPU
		{86BFBBD4-47E4-89DB-6C1D-D6D03AC51099}.Release|Any CPU.Build.0 = Release|Any CPU
		{606890D8-CA42-F5E4-6972-7C97ECF195C1}.Debug|Any CPU.ActiveCfg = Debug|Any CPU
		{606890D8-CA42-F5E4-6972-7C97ECF195C1}.Debug|Any CPU.Build.0 = Debug|Any CPU
		{606890D8-CA42-F5E4-6972-7C97ECF195C1}.Release|Any CPU.ActiveCfg = Release|Any CPU
		{606890D8-CA42-F5E4-6972-7C97ECF195C1}.Release|Any CPU.Build.0 = Release|Any CPU
		{DFF72330-1879-B153-DC36-8A047CEF02B9}.Debug|Any CPU.ActiveCfg = Debug|Any CPU
		{DFF72330-1879-B153-DC36-8A047CEF02B9}.Debug|Any CPU.Build.0 = Debug|Any CPU
		{DFF72330-1879-B153-DC36-8A047CEF02B9}.Release|Any CPU.ActiveCfg = Release|Any CPU
		{DFF72330-1879-B153-DC36-8A047CEF02B9}.Release|Any CPU.Build.0 = Release|Any CPU
		{E9A8BA52-FE77-948F-C8AD-825193FE381C}.Debug|Any CPU.ActiveCfg = Debug|Any CPU
		{E9A8BA52-FE77-948F-C8AD-825193FE381C}.Debug|Any CPU.Build.0 = Debug|Any CPU
		{E9A8BA52-FE77-948F-C8AD-825193FE381C}.Release|Any CPU.ActiveCfg = Release|Any CPU
		{E9A8BA52-FE77-948F-C8AD-825193FE381C}.Release|Any CPU.Build.0 = Release|Any CPU
		{03A4AE4C-33AF-BFE0-EC80-D07A4EBF912E}.Debug|Any CPU.ActiveCfg = Debug|Any CPU
		{03A4AE4C-33AF-BFE0-EC80-D07A4EBF912E}.Debug|Any CPU.Build.0 = Debug|Any CPU
		{03A4AE4C-33AF-BFE0-EC80-D07A4EBF912E}.Release|Any CPU.ActiveCfg = Release|Any CPU
		{03A4AE4C-33AF-BFE0-EC80-D07A4EBF912E}.Release|Any CPU.Build.0 = Release|Any CPU
		{50D36E28-FE63-3856-70FF-436F78B95E2A}.Debug|Any CPU.ActiveCfg = Debug|Any CPU
		{50D36E28-FE63-3856-70FF-436F78B95E2A}.Debug|Any CPU.Build.0 = Debug|Any CPU
		{50D36E28-FE63-3856-70FF-436F78B95E2A}.Release|Any CPU.ActiveCfg = Release|Any CPU
		{50D36E28-FE63-3856-70FF-436F78B95E2A}.Release|Any CPU.Build.0 = Release|Any CPU
	EndGlobalSection
	GlobalSection(SolutionProperties) = preSolution
		HideSolutionNode = FALSE
	EndGlobalSection
EndGlobal
