
Microsoft Visual Studio Solution File, Format Version 12.00
# Visual Studio 15
Project("{FAE04EC0-301F-11D3-BF4B-00C04F79EFBC}") = "Assembly-CSharp", "Assembly-CSharp.csproj", "{44EF02CE-B31D-12A9-3366-8F8832CA6210}"
EndProject
Project("{FAE04EC0-301F-11D3-BF4B-00C04F79EFBC}") = "NeonLadder.Scripts", "NeonLadder.Scripts.csproj", "{8C1333FE-EE30-ECE3-4825-F9C3A1A4C674}"
EndProject
Project("{FAE04EC0-301F-11D3-BF4B-00C04F79EFBC}") = "Assembly-CSharp-Editor", "Assembly-CSharp-Editor.csproj", "{93652F0F-47E3-71BE-3477-BBBEA120FE67}"
EndProject
Project("{FAE04EC0-301F-11D3-BF4B-00C04F79EFBC}") = "Assembly-CSharp-firstpass", "Assembly-CSharp-firstpass.csproj", "{454F8AED-E947-7B56-12EB-97AC11451EFE}"
EndProject
Project("{FAE04EC0-301F-11D3-BF4B-00C04F79EFBC}") = "NeonLadder.Tests.Runtime", "NeonLadder.Tests.Runtime.csproj", "{E1583481-267E-624D-FEE9-41164DF07931}"
EndProject
Project("{FAE04EC0-301F-11D3-BF4B-00C04F79EFBC}") = "NeonLadder.CLITestRunner", "NeonLadder.CLITestRunner.csproj", "{DBB0F7CE-3FFC-6E99-9A05-FF5612489691}"
EndProject
Global
	GlobalSection(SolutionConfigurationPlatforms) = preSolution
		Debug|Any CPU = Debug|Any CPU
		Release|Any CPU = Release|Any CPU
	EndGlobalSection
	GlobalSection(ProjectConfigurationPlatforms) = postSolution
		{44EF02CE-B31D-12A9-3366-8F8832CA6210}.Debug|Any CPU.ActiveCfg = Debug|Any CPU
		{44EF02CE-B31D-12A9-3366-8F8832CA6210}.Debug|Any CPU.Build.0 = Debug|Any CPU
		{44EF02CE-B31D-12A9-3366-8F8832CA6210}.Release|Any CPU.ActiveCfg = Release|Any CPU
		{44EF02CE-B31D-12A9-3366-8F8832CA6210}.Release|Any CPU.Build.0 = Release|Any CPU
		{8C1333FE-EE30-ECE3-4825-F9C3A1A4C674}.Debug|Any CPU.ActiveCfg = Debug|Any CPU
		{8C1333FE-EE30-ECE3-4825-F9C3A1A4C674}.Debug|Any CPU.Build.0 = Debug|Any CPU
		{8C1333FE-EE30-ECE3-4825-F9C3A1A4C674}.Release|Any CPU.ActiveCfg = Release|Any CPU
		{8C1333FE-EE30-ECE3-4825-F9C3A1A4C674}.Release|Any CPU.Build.0 = Release|Any CPU
		{93652F0F-47E3-71BE-3477-BBBEA120FE67}.Debug|Any CPU.ActiveCfg = Debug|Any CPU
		{93652F0F-47E3-71BE-3477-BBBEA120FE67}.Debug|Any CPU.Build.0 = Debug|Any CPU
		{93652F0F-47E3-71BE-3477-BBBEA120FE67}.Release|Any CPU.ActiveCfg = Release|Any CPU
		{93652F0F-47E3-71BE-3477-BBBEA120FE67}.Release|Any CPU.Build.0 = Release|Any CPU
		{454F8AED-E947-7B56-12EB-97AC11451EFE}.Debug|Any CPU.ActiveCfg = Debug|Any CPU
		{454F8AED-E947-7B56-12EB-97AC11451EFE}.Debug|Any CPU.Build.0 = Debug|Any CPU
		{454F8AED-E947-7B56-12EB-97AC11451EFE}.Release|Any CPU.ActiveCfg = Release|Any CPU
		{454F8AED-E947-7B56-12EB-97AC11451EFE}.Release|Any CPU.Build.0 = Release|Any CPU
		{E1583481-267E-624D-FEE9-41164DF07931}.Debug|Any CPU.ActiveCfg = Debug|Any CPU
		{E1583481-267E-624D-FEE9-41164DF07931}.Debug|Any CPU.Build.0 = Debug|Any CPU
		{E1583481-267E-624D-FEE9-41164DF07931}.Release|Any CPU.ActiveCfg = Release|Any CPU
		{E1583481-267E-624D-FEE9-41164DF07931}.Release|Any CPU.Build.0 = Release|Any CPU
		{DBB0F7CE-3FFC-6E99-9A05-FF5612489691}.Debug|Any CPU.ActiveCfg = Debug|Any CPU
		{DBB0F7CE-3FFC-6E99-9A05-FF5612489691}.Debug|Any CPU.Build.0 = Debug|Any CPU
		{DBB0F7CE-3FFC-6E99-9A05-FF5612489691}.Release|Any CPU.ActiveCfg = Release|Any CPU
		{DBB0F7CE-3FFC-6E99-9A05-FF5612489691}.Release|Any CPU.Build.0 = Release|Any CPU
	EndGlobalSection
	GlobalSection(SolutionProperties) = preSolution
		HideSolutionNode = FALSE
	EndGlobalSection
EndGlobal
